
Microsoft Visual Studio Solution File, Format Version 12.00
# Visual Studio Version 17
VisualStudioVersion = 17.10.34928.147
MinimumVisualStudioVersion = 10.0.40219.1
Project("{9A19103F-16F7-4668-BE54-9A1E7A4F7556}") = "Store.Data", "Store.Data.csproj", "{6AFF0A09-EAA6-42A2-8705-774610635C32}"
EndProject
Project("{9A19103F-16F7-4668-BE54-9A1E7A4F7556}") = "Store.Repository", "..\Store.Repository\Store.Repository.csproj", "{F25548B7-1C70-4A23-A2C0-7174BC5A06EA}"
EndProject
Project("{9A19103F-16F7-4668-BE54-9A1E7A4F7556}") = "Store.Service", "..\Store.Service\Store.Service.csproj", "{F832776E-41A1-4D9E-B3A3-085A6E8CCD0F}"
EndProject
Project("{9A19103F-16F7-4668-BE54-9A1E7A4F7556}") = "Store.Web", "..\Store.Web\Store.Web.csproj", "{3D7D47F7-E332-40EE-A342-4A60AE0CE1D7}"
EndProject
Global
	GlobalSection(SolutionConfigurationPlatforms) = preSolution
		Debug|Any CPU = Debug|Any CPU
		Release|Any CPU = Release|Any CPU
	EndGlobalSection
	GlobalSection(ProjectConfigurationPlatforms) = postSolution
		{6AFF0A09-EAA6-42A2-8705-774610635C32}.Debug|Any CPU.ActiveCfg = Debug|Any CPU
		{6AFF0A09-EAA6-42A2-8705-774610635C32}.Debug|Any CPU.Build.0 = Debug|Any CPU
		{6AFF0A09-EAA6-42A2-8705-774610635C32}.Release|Any CPU.ActiveCfg = Release|Any CPU
		{6AFF0A09-EAA6-42A2-8705-774610635C32}.Release|Any CPU.Build.0 = Release|Any CPU
		{F25548B7-1C70-4A23-A2C0-7174BC5A06EA}.Debug|Any CPU.ActiveCfg = Debug|Any CPU
		{F25548B7-1C70-4A23-A2C0-7174BC5A06EA}.Debug|Any CPU.Build.0 = Debug|Any CPU
		{F25548B7-1C70-4A23-A2C0-7174BC5A06EA}.Release|Any CPU.ActiveCfg = Release|Any CPU
		{F25548B7-1C70-4A23-A2C0-7174BC5A06EA}.Release|Any CPU.Build.0 = Release|Any CPU
		{F832776E-41A1-4D9E-B3A3-085A6E8CCD0F}.Debug|Any CPU.ActiveCfg = Debug|Any CPU
		{F832776E-41A1-4D9E-B3A3-085A6E8CCD0F}.Debug|Any CPU.Build.0 = Debug|Any CPU
		{F832776E-41A1-4D9E-B3A3-085A6E8CCD0F}.Release|Any CPU.ActiveCfg = Release|Any CPU
		{F832776E-41A1-4D9E-B3A3-085A6E8CCD0F}.Release|Any CPU.Build.0 = Release|Any CPU
		{3D7D47F7-E332-40EE-A342-4A60AE0CE1D7}.Debug|Any CPU.ActiveCfg = Debug|Any CPU
		{3D7D47F7-E332-40EE-A342-4A60AE0CE1D7}.Debug|Any CPU.Build.0 = Debug|Any CPU
		{3D7D47F7-E332-40EE-A342-4A60AE0CE1D7}.Release|Any CPU.ActiveCfg = Release|Any CPU
		{3D7D47F7-E332-40EE-A342-4A60AE0CE1D7}.Release|Any CPU.Build.0 = Release|Any CPU
	EndGlobalSection
	GlobalSection(SolutionProperties) = preSolution
		HideSolutionNode = FALSE
	EndGlobalSection
	GlobalSection(ExtensibilityGlobals) = postSolution
		SolutionGuid = {46D33292-50AE-4EB4-B696-2113123840AB}
	EndGlobalSection
EndGlobal
